Microsoft Visual Studio Solution File, Format Version 12.00
# Visual Studio Version 18
VisualStudioVersion = 18.0.10000.0
MinimumVisualStudioVersion = 10.0.40219.1
Project("{FAE04EC0-301F-11D3-BF4B-00C04F79EFBC}") = "Underanalyzer", "External\UndertaleModTool\Underanalyzer\Underanalyzer\Underanalyzer.csproj", "{B2360D13-1D2B-4D4F-A04E-F2F2B2CF61B1}"
EndProject
Project("{FAE04EC0-301F-11D3-BF4B-00C04F79EFBC}") = "UndertaleModLib", "External\UndertaleModTool\UndertaleModLib\UndertaleModLib.csproj", "{C7A916DA-FA4F-4F85-9499-E36DD8E76F73}"
EndProject
Project("{FAE04EC0-301F-11D3-BF4B-00C04F79EFBC}") = "SplitGM.Core", "src\SplitGM.Core\SplitGM.Core.csproj", "{A01FC876-55F4-4B60-93A5-0530E2692B6B}"
EndProject
Project("{FAE04EC0-301F-11D3-BF4B-00C04F79EFBC}") = "SplitGM.Gui", "src\SplitGM.Gui\SplitGM.Gui.csproj", "{77D54C41-6B5D-4434-A98B-394FCFAD9CE5}"
EndProject
Global
	GlobalSection(SolutionConfigurationPlatforms) = preSolution
		Debug|Any CPU = Debug|Any CPU
		Debug|x64 = Debug|x64
		Release|Any CPU = Release|Any CPU
		Release|x64 = Release|x64
	EndGlobalSection
	GlobalSection(ProjectConfigurationPlatforms) = postSolution
		{B2360D13-1D2B-4D4F-A04E-F2F2B2CF61B1}.Debug|Any CPU.ActiveCfg = Debug|Any CPU
		{B2360D13-1D2B-4D4F-A04E-F2F2B2CF61B1}.Debug|Any CPU.Build.0 = Debug|Any CPU
		{B2360D13-1D2B-4D4F-A04E-F2F2B2CF61B1}.Debug|x64.ActiveCfg = Debug|x64
		{B2360D13-1D2B-4D4F-A04E-F2F2B2CF61B1}.Debug|x64.Build.0 = Debug|x64
		{B2360D13-1D2B-4D4F-A04E-F2F2B2CF61B1}.Release|Any CPU.ActiveCfg = Release|Any CPU
		{B2360D13-1D2B-4D4F-A04E-F2F2B2CF61B1}.Release|Any CPU.Build.0 = Release|Any CPU
		{B2360D13-1D2B-4D4F-A04E-F2F2B2CF61B1}.Release|x64.ActiveCfg = Release|x64
		{B2360D13-1D2B-4D4F-A04E-F2F2B2CF61B1}.Release|x64.Build.0 = Release|x64
		{C7A916DA-FA4F-4F85-9499-E36DD8E76F73}.Debug|Any CPU.ActiveCfg = Debug|Any CPU
		{C7A916DA-FA4F-4F85-9499-E36DD8E76F73}.Debug|Any CPU.Build.0 = Debug|Any CPU
		{C7A916DA-FA4F-4F85-9499-E36DD8E76F73}.Debug|x64.ActiveCfg = Debug|x64
		{C7A916DA-FA4F-4F85-9499-E36DD8E76F73}.Debug|x64.Build.0 = Debug|x64
		{C7A916DA-FA4F-4F85-9499-E36DD8E76F73}.Release|Any CPU.ActiveCfg = Release|Any CPU
		{C7A916DA-FA4F-4F85-9499-E36DD8E76F73}.Release|Any CPU.Build.0 = Release|Any CPU
		{C7A916DA-FA4F-4F85-9499-E36DD8E76F73}.Release|x64.ActiveCfg = Release|x64
		{C7A916DA-FA4F-4F85-9499-E36DD8E76F73}.Release|x64.Build.0 = Release|x64
		{A01FC876-55F4-4B60-93A5-0530E2692B6B}.Debug|Any CPU.ActiveCfg = Debug|Any CPU
		{A01FC876-55F4-4B60-93A5-0530E2692B6B}.Debug|Any CPU.Build.0 = Debug|Any CPU
		{A01FC876-55F4-4B60-93A5-0530E2692B6B}.Debug|x64.ActiveCfg = Debug|x64
		{A01FC876-55F4-4B60-93A5-0530E2692B6B}.Debug|x64.Build.0 = Debug|x64
		{A01FC876-55F4-4B60-93A5-0530E2692B6B}.Release|Any CPU.ActiveCfg = Release|Any CPU
		{A01FC876-55F4-4B60-93A5-0530E2692B6B}.Release|Any CPU.Build.0 = Release|Any CPU
		{A01FC876-55F4-4B60-93A5-0530E2692B6B}.Release|x64.ActiveCfg = Release|x64
		{A01FC876-55F4-4B60-93A5-0530E2692B6B}.Release|x64.Build.0 = Release|x64
		{77D54C41-6B5D-4434-A98B-394FCFAD9CE5}.Debug|Any CPU.ActiveCfg = Debug|Any CPU
		{77D54C41-6B5D-4434-A98B-394FCFAD9CE5}.Debug|Any CPU.Build.0 = Debug|Any CPU
		{77D54C41-6B5D-4434-A98B-394FCFAD9CE5}.Debug|x64.ActiveCfg = Debug|x64
		{77D54C41-6B5D-4434-A98B-394FCFAD9CE5}.Debug|x64.Build.0 = Debug|x64
		{77D54C41-6B5D-4434-A98B-394FCFAD9CE5}.Release|Any CPU.ActiveCfg = Release|Any CPU
		{77D54C41-6B5D-4434-A98B-394FCFAD9CE5}.Release|Any CPU.Build.0 = Release|Any CPU
		{77D54C41-6B5D-4434-A98B-394FCFAD9CE5}.Release|x64.ActiveCfg = Release|x64
		{77D54C41-6B5D-4434-A98B-394FCFAD9CE5}.Release|x64.Build.0 = Release|x64
	EndGlobalSection
	GlobalSection(SolutionProperties) = preSolution
		HideSolutionNode = FALSE
	EndGlobalSection
EndGlobal
